
Microsoft Visual Studio Solution File, Format Version 12.00
Project("{FAE04EC0-301F-11D3-BF4B-00C04F79EFBC}") = "MonoAlpine", "MonoAlpine.csproj", "{727CEB55-3F2F-401C-83CE-7E4D252FC15F}"
EndProject
Global
	GlobalSection(SolutionConfigurationPlatforms) = preSolution
		Debug|Any CPU = Debug|Any CPU
		Release|Any CPU = Release|Any CPU
	EndGlobalSection
	GlobalSection(ProjectConfigurationPlatforms) = postSolution
		{727CEB55-3F2F-401C-83CE-7E4D252FC15F}.Debug|Any CPU.ActiveCfg = Debug|Any CPU
		{727CEB55-3F2F-401C-83CE-7E4D252FC15F}.Debug|Any CPU.Build.0 = Debug|Any CPU
		{727CEB55-3F2F-401C-83CE-7E4D252FC15F}.Release|Any CPU.ActiveCfg = Release|Any CPU
		{727CEB55-3F2F-401C-83CE-7E4D252FC15F}.Release|Any CPU.Build.0 = Release|Any CPU
	EndGlobalSection
EndGlobal
